
Microsoft Visual Studio Solution File, Format Version 12.00
# Visual Studio Version 16
VisualStudioVersion = 16.0.28917.181
MinimumVisualStudioVersion = 10.0.40219.1
Project("{9A19103F-16F7-4668-BE54-9A1E7A4F7556}") = "CompatBot", "CompatBot\CompatBot.csproj", "{6D9CA448-60C1-4D66-91D6-EC6C586508E6}"
EndProject
Project("{9A19103F-16F7-4668-BE54-9A1E7A4F7556}") = "CompatApiClient", "Clients\CompatApiClient\CompatApiClient.csproj", "{8AF3C23B-D695-4391-A298-5BA4AAB8E13B}"
EndProject
Project("{9A19103F-16F7-4668-BE54-9A1E7A4F7556}") = "PsnClient", "Clients\PsnClient\PsnClient.csproj", "{AA5FF441-BD1D-4444-9178-7DC7BFF3C139}"
EndProject
Project("{9A19103F-16F7-4668-BE54-9A1E7A4F7556}") = "HomoglyphConverter", "HomoglyphConverter\HomoglyphConverter.csproj", "{A1E6566C-F506-43C8-B06E-9A472AEBF447}"
EndProject
Project("{9A19103F-16F7-4668-BE54-9A1E7A4F7556}") = "IrdLibraryClient", "Clients\IrdLibraryClient\IrdLibraryClient.csproj", "{AA2A333B-CD30-41A5-A680-CC9BCB2D726B}"
EndProject
Project("{9A19103F-16F7-4668-BE54-9A1E7A4F7556}") = "Tests", "Tests\Tests.csproj", "{815D60C3-F84B-4AE2-B4E4-48004515FCFD}"
EndProject
Project("{2150E333-8FDC-42A3-9474-1A3956D46DE8}") = "Clients", "Clients", "{E7FE0ADD-CBA6-4321-8A1C-0A3B5C3F54C2}"
EndProject
Project("{9A19103F-16F7-4668-BE54-9A1E7A4F7556}") = "GithubClient", "Clients\GithubClient\GithubClient.csproj", "{AF8FDA29-864E-4A1C-9568-99DECB7E4B36}"
EndProject
Project("{2150E333-8FDC-42A3-9474-1A3956D46DE8}") = "Solution Items", "Solution Items", "{AD87F38F-BFCE-4EA6-A430-20C497552FD7}"
	ProjectSection(SolutionItems) = preProject
		.cirrus.yml = .cirrus.yml
		azure-pipelines.yml = azure-pipelines.yml
		CONTRIBUTING.md = CONTRIBUTING.md
		docker-compose.example.yml = docker-compose.example.yml
		Dockerfile = Dockerfile
		nuget.config = nuget.config
		README.md = README.md
		SECURITY.md = SECURITY.md
		.github\workflows\codeql-analysis.yml = .github\workflows\codeql-analysis.yml
	EndProjectSection
EndProject
Project("{9A19103F-16F7-4668-BE54-9A1E7A4F7556}") = "OneDriveClient", "Clients\OneDriveClient\OneDriveClient.csproj", "{5C4BCF33-2EC6-455F-B026-8A0001B7B7AD}"
EndProject
Project("{FAE04EC0-301F-11D3-BF4B-00C04F79EFBC}") = "MediafireClient", "Clients\MediafireClient\MediafireClient.csproj", "{1F743D3D-4A87-47EF-B88D-A0DCEE1C5FB7}"
EndProject
Project("{FAE04EC0-301F-11D3-BF4B-00C04F79EFBC}") = "YandexDiskClient", "Clients\YandexDiskClient\YandexDiskClient.csproj", "{CABC3E5E-2153-443B-A5A8-DA3E389359EC}"
EndProject
Project("{FAE04EC0-301F-11D3-BF4B-00C04F79EFBC}") = "SourceGenerators", "SourceGenerators\SourceGenerators.csproj", "{1A75FAF1-1DD1-43FF-A789-1AB216F4B94E}"
EndProject
Global
	GlobalSection(SolutionConfigurationPlatforms) = preSolution
		Debug|Any CPU = Debug|Any CPU
		Release|Any CPU = Release|Any CPU
	EndGlobalSection
	GlobalSection(ProjectConfigurationPlatforms) = postSolution
		{6D9CA448-60C1-4D66-91D6-EC6C586508E6}.Debug|Any CPU.ActiveCfg = Debug|Any CPU
		{6D9CA448-60C1-4D66-91D6-EC6C586508E6}.Debug|Any CPU.Build.0 = Debug|Any CPU
		{6D9CA448-60C1-4D66-91D6-EC6C586508E6}.Release|Any CPU.ActiveCfg = Release|Any CPU
		{6D9CA448-60C1-4D66-91D6-EC6C586508E6}.Release|Any CPU.Build.0 = Release|Any CPU
		{8AF3C23B-D695-4391-A298-5BA4AAB8E13B}.Debug|Any CPU.ActiveCfg = Debug|Any CPU
		{8AF3C23B-D695-4391-A298-5BA4AAB8E13B}.Debug|Any CPU.Build.0 = Debug|Any CPU
		{8AF3C23B-D695-4391-A298-5BA4AAB8E13B}.Release|Any CPU.ActiveCfg = Release|Any CPU
		{8AF3C23B-D695-4391-A298-5BA4AAB8E13B}.Release|Any CPU.Build.0 = Release|Any CPU
		{AA5FF441-BD1D-4444-9178-7DC7BFF3C139}.Debug|Any CPU.ActiveCfg = Debug|Any CPU
		{AA5FF441-BD1D-4444-9178-7DC7BFF3C139}.Debug|Any CPU.Build.0 = Debug|Any CPU
		{AA5FF441-BD1D-4444-9178-7DC7BFF3C139}.Release|Any CPU.ActiveCfg = Release|Any CPU
		{AA5FF441-BD1D-4444-9178-7DC7BFF3C139}.Release|Any CPU.Build.0 = Release|Any CPU
		{A1E6566C-F506-43C8-B06E-9A472AEBF447}.Debug|Any CPU.ActiveCfg = Debug|Any CPU
		{A1E6566C-F506-43C8-B06E-9A472AEBF447}.Debug|Any CPU.Build.0 = Debug|Any CPU
		{A1E6566C-F506-43C8-B06E-9A472AEBF447}.Release|Any CPU.ActiveCfg = Release|Any CPU
		{A1E6566C-F506-43C8-B06E-9A472AEBF447}.Release|Any CPU.Build.0 = Release|Any CPU
		{AA2A333B-CD30-41A5-A680-CC9BCB2D726B}.Debug|Any CPU.ActiveCfg = Debug|Any CPU
		{AA2A333B-CD30-41A5-A680-CC9BCB2D726B}.Debug|Any CPU.Build.0 = Debug|Any CPU
		{AA2A333B-CD30-41A5-A680-CC9BCB2D726B}.Release|Any CPU.ActiveCfg = Release|Any CPU
		{AA2A333B-CD30-41A5-A680-CC9BCB2D726B}.Release|Any CPU.Build.0 = Release|Any CPU
		{815D60C3-F84B-4AE2-B4E4-48004515FCFD}.Debug|Any CPU.ActiveCfg = Debug|Any CPU
		{815D60C3-F84B-4AE2-B4E4-48004515FCFD}.Debug|Any CPU.Build.0 = Debug|Any CPU
		{815D60C3-F84B-4AE2-B4E4-48004515FCFD}.Release|Any CPU.ActiveCfg = Release|Any CPU
		{AF8FDA29-864E-4A1C-9568-99DECB7E4B36}.Debug|Any CPU.ActiveCfg = Debug|Any CPU
		{AF8FDA29-864E-4A1C-9568-99DECB7E4B36}.Debug|Any CPU.Build.0 = Debug|Any CPU
		{AF8FDA29-864E-4A1C-9568-99DECB7E4B36}.Release|Any CPU.ActiveCfg = Release|Any CPU
		{AF8FDA29-864E-4A1C-9568-99DECB7E4B36}.Release|Any CPU.Build.0 = Release|Any CPU
		{5C4BCF33-2EC6-455F-B026-8A0001B7B7AD}.Debug|Any CPU.ActiveCfg = Debug|Any CPU
		{5C4BCF33-2EC6-455F-B026-8A0001B7B7AD}.Debug|Any CPU.Build.0 = Debug|Any CPU
		{5C4BCF33-2EC6-455F-B026-8A0001B7B7AD}.Release|Any CPU.ActiveCfg = Release|Any CPU
		{5C4BCF33-2EC6-455F-B026-8A0001B7B7AD}.Release|Any CPU.Build.0 = Release|Any CPU
		{1F743D3D-4A87-47EF-B88D-A0DCEE1C5FB7}.Debug|Any CPU.ActiveCfg = Debug|Any CPU
		{1F743D3D-4A87-47EF-B88D-A0DCEE1C5FB7}.Debug|Any CPU.Build.0 = Debug|Any CPU
		{1F743D3D-4A87-47EF-B88D-A0DCEE1C5FB7}.Release|Any CPU.ActiveCfg = Release|Any CPU
		{1F743D3D-4A87-47EF-B88D-A0DCEE1C5FB7}.Release|Any CPU.Build.0 = Release|Any CPU
		{CABC3E5E-2153-443B-A5A8-DA3E389359EC}.Debug|Any CPU.ActiveCfg = Debug|Any CPU
		{CABC3E5E-2153-443B-A5A8-DA3E389359EC}.Debug|Any CPU.Build.0 = Debug|Any CPU
		{CABC3E5E-2153-443B-A5A8-DA3E389359EC}.Release|Any CPU.ActiveCfg = Release|Any CPU
		{CABC3E5E-2153-443B-A5A8-DA3E389359EC}.Release|Any CPU.Build.0 = Release|Any CPU
		{1A75FAF1-1DD1-43FF-A789-1AB216F4B94E}.Debug|Any CPU.ActiveCfg = Debug|Any CPU
		{1A75FAF1-1DD1-43FF-A789-1AB216F4B94E}.Debug|Any CPU.Build.0 = Debug|Any CPU
		{1A75FAF1-1DD1-43FF-A789-1AB216F4B94E}.Release|Any CPU.ActiveCfg = Release|Any CPU
		{1A75FAF1-1DD1-43FF-A789-1AB216F4B94E}.Release|Any CPU.Build.0 = Release|Any CPU
	EndGlobalSection
	GlobalSection(SolutionProperties) = preSolution
		HideSolutionNode = FALSE
	EndGlobalSection
	GlobalSection(NestedProjects) = preSolution
		{8AF3C23B-D695-4391-A298-5BA4AAB8E13B} = {E7FE0ADD-CBA6-4321-8A1C-0A3B5C3F54C2}
		{AA5FF441-BD1D-4444-9178-7DC7BFF3C139} = {E7FE0ADD-CBA6-4321-8A1C-0A3B5C3F54C2}
		{AA2A333B-CD30-41A5-A680-CC9BCB2D726B} = {E7FE0ADD-CBA6-4321-8A1C-0A3B5C3F54C2}
		{AF8FDA29-864E-4A1C-9568-99DECB7E4B36} = {E7FE0ADD-CBA6-4321-8A1C-0A3B5C3F54C2}
		{5C4BCF33-2EC6-455F-B026-8A0001B7B7AD} = {E7FE0ADD-CBA6-4321-8A1C-0A3B5C3F54C2}
		{1F743D3D-4A87-47EF-B88D-A0DCEE1C5FB7} = {E7FE0ADD-CBA6-4321-8A1C-0A3B5C3F54C2}
		{CABC3E5E-2153-443B-A5A8-DA3E389359EC} = {E7FE0ADD-CBA6-4321-8A1C-0A3B5C3F54C2}
	EndGlobalSection
	GlobalSection(ExtensibilityGlobals) = postSolution
		SolutionGuid = {D7696F56-AEAC-4D83-9BD8-BE0C122A5DCE}
	EndGlobalSection
EndGlobal
